
Microsoft Visual Studio Solution File, Format Version 12.00
# Visual Studio 15
VisualStudioVersion = 15.0.28307.1231
MinimumVisualStudioVersion = 10.0.40219.1
Project("{FAE04EC0-301F-11D3-BF4B-00C04F79EFBC}") = "KodeShop.App", "KodeShop.App\KodeShop.App.csproj", "{875A0BBB-B3E9-4C85-BD41-1C0A23D92661}"
EndProject
Project("{FAE04EC0-301F-11D3-BF4B-00C04F79EFBC}") = "KodeShop.DataLayer", "KodeShop.DataLayer\KodeShop.DataLayer.csproj", "{6505C1BF-BC7C-4B67-B59E-ED7BF3C5CB20}"
EndProject
Project("{FAE04EC0-301F-11D3-BF4B-00C04F79EFBC}") = "KodeShop.Infrastructure", "KodeShop.Infrastructure\KodeShop.Infrastructure.csproj", "{4A323ADC-FF3B-424B-ADCF-D34B8D06FBA7}"
EndProject
Global
	GlobalSection(SolutionConfigurationPlatforms) = preSolution
		Debug|Any CPU = Debug|Any CPU
		Release|Any CPU = Release|Any CPU
	EndGlobalSection
	GlobalSection(ProjectConfigurationPlatforms) = postSolution
		{875A0BBB-B3E9-4C85-BD41-1C0A23D92661}.Debug|Any CPU.ActiveCfg = Debug|Any CPU
		{875A0BBB-B3E9-4C85-BD41-1C0A23D92661}.Debug|Any CPU.Build.0 = Debug|Any CPU
		{875A0BBB-B3E9-4C85-BD41-1C0A23D92661}.Release|Any CPU.ActiveCfg = Release|Any CPU
		{875A0BBB-B3E9-4C85-BD41-1C0A23D92661}.Release|Any CPU.Build.0 = Release|Any CPU
		{6505C1BF-BC7C-4B67-B59E-ED7BF3C5CB20}.Debug|Any CPU.ActiveCfg = Debug|Any CPU
		{6505C1BF-BC7C-4B67-B59E-ED7BF3C5CB20}.Debug|Any CPU.Build.0 = Debug|Any CPU
		{6505C1BF-BC7C-4B67-B59E-ED7BF3C5CB20}.Release|Any CPU.ActiveCfg = Release|Any CPU
		{6505C1BF-BC7C-4B67-B59E-ED7BF3C5CB20}.Release|Any CPU.Build.0 = Release|Any CPU
		{4A323ADC-FF3B-424B-ADCF-D34B8D06FBA7}.Debug|Any CPU.ActiveCfg = Debug|Any CPU
		{4A323ADC-FF3B-424B-ADCF-D34B8D06FBA7}.Debug|Any CPU.Build.0 = Debug|Any CPU
		{4A323ADC-FF3B-424B-ADCF-D34B8D06FBA7}.Release|Any CPU.ActiveCfg = Release|Any CPU
		{4A323ADC-FF3B-424B-ADCF-D34B8D06FBA7}.Release|Any CPU.Build.0 = Release|Any CPU
	EndGlobalSection
	GlobalSection(SolutionProperties) = preSolution
		HideSolutionNode = FALSE
	EndGlobalSection
	GlobalSection(ExtensibilityGlobals) = postSolution
		SolutionGuid = {23CF866B-CF3A-4849-ABF3-128589470721}
	EndGlobalSection
EndGlobal
